<Solution>
  <Project Path="Assets.csproj" />
  <Project Path="Playmode.csproj" />
  <Project Path="HudMenus.csproj" />
  <Project Path="PlayModeTestsOwen.csproj" />
  <Project Path="ItemTests.csproj" />
  <Project Path="Tests.csproj" />
  <Project Path="AlijaTests.csproj" />
  <Project Path="EditModeTests.csproj" />
</Solution>
